
Microsoft Visual Studio Solution File, Format Version 12.00
# Visual Studio Version 16
VisualStudioVersion = 16.0.29920.165
MinimumVisualStudioVersion = 10.0.40219.1
Project("{FAE04EC0-301F-11D3-BF4B-00C04F79EFBC}") = "TRABAJO PRACTICO 2 LABSNET2021", "TRABAJO PRACTICO 2 LABSNET2021.csproj", "{DE2743C6-716A-4CDC-9D59-75682414F8A1}"
EndProject
Project("{FAE04EC0-301F-11D3-BF4B-00C04F79EFBC}") = "Dominio", "..\Dominio\Dominio.csproj", "{796107DA-A674-4DB9-B137-85C75B94F08F}"
EndProject
Global
	GlobalSection(SolutionConfigurationPlatforms) = preSolution
		Debug|Any CPU = Debug|Any CPU
		Release|Any CPU = Release|Any CPU
	EndGlobalSection
	GlobalSection(ProjectConfigurationPlatforms) = postSolution
		{DE2743C6-716A-4CDC-9D59-75682414F8A1}.Debug|Any CPU.ActiveCfg = Debug|Any CPU
		{DE2743C6-716A-4CDC-9D59-75682414F8A1}.Debug|Any CPU.Build.0 = Debug|Any CPU
		{DE2743C6-716A-4CDC-9D59-75682414F8A1}.Release|Any CPU.ActiveCfg = Release|Any CPU
		{DE2743C6-716A-4CDC-9D59-75682414F8A1}.Release|Any CPU.Build.0 = Release|Any CPU
		{796107DA-A674-4DB9-B137-85C75B94F08F}.Debug|Any CPU.ActiveCfg = Debug|Any CPU
		{796107DA-A674-4DB9-B137-85C75B94F08F}.Debug|Any CPU.Build.0 = Debug|Any CPU
		{796107DA-A674-4DB9-B137-85C75B94F08F}.Release|Any CPU.ActiveCfg = Release|Any CPU
		{796107DA-A674-4DB9-B137-85C75B94F08F}.Release|Any CPU.Build.0 = Release|Any CPU
	EndGlobalSection
	GlobalSection(SolutionProperties) = preSolution
		HideSolutionNode = FALSE
	EndGlobalSection
	GlobalSection(ExtensibilityGlobals) = postSolution
		SolutionGuid = {055FCA22-EC07-42C2-9D30-75EE16A1F349}
	EndGlobalSection
EndGlobal
