
Microsoft Visual Studio Solution File, Format Version 12.00
# Visual Studio Version 16
VisualStudioVersion = 16.0.29920.165
MinimumVisualStudioVersion = 10.0.40219.1
Project("{FAE04EC0-301F-11D3-BF4B-00C04F79EFBC}") = "Trabajo Practico 1 LabNet2021", "Trabajo Practico 1 LabNet2021\Trabajo Practico 1 LabNet2021.csproj", "{0BD992F3-C1E1-484C-BF83-AADCDC5DA5E2}"
EndProject
Global
	GlobalSection(SolutionConfigurationPlatforms) = preSolution
		Debug|Any CPU = Debug|Any CPU
		Release|Any CPU = Release|Any CPU
	EndGlobalSection
	GlobalSection(ProjectConfigurationPlatforms) = postSolution
		{0BD992F3-C1E1-484C-BF83-AADCDC5DA5E2}.Debug|Any CPU.ActiveCfg = Debug|Any CPU
		{0BD992F3-C1E1-484C-BF83-AADCDC5DA5E2}.Debug|Any CPU.Build.0 = Debug|Any CPU
		{0BD992F3-C1E1-484C-BF83-AADCDC5DA5E2}.Release|Any CPU.ActiveCfg = Release|Any CPU
		{0BD992F3-C1E1-484C-BF83-AADCDC5DA5E2}.Release|Any CPU.Build.0 = Release|Any CPU
	EndGlobalSection
	GlobalSection(SolutionProperties) = preSolution
		HideSolutionNode = FALSE
	EndGlobalSection
	GlobalSection(ExtensibilityGlobals) = postSolution
		SolutionGuid = {5B72DC52-4EC0-4E63-9F40-997822A775A0}
	EndGlobalSection
EndGlobal
